<?xml version="1.0" encoding="utf-8"?>
<Project ToolsVersion="4.0" xmlns="http://schemas.microsoft.com/developer/msbuild/2003">
  <ItemGroup>
    <Filter Include="Source Files">
      <UniqueIdentifier>{4FC737F1-C7A5-4376-A066-2A32D752A2FF}</UniqueIdentifier>
      <Extensions>cpp;c;cc;cxx;def;odl;idl;hpj;bat;asm;asmx</Extensions>
    </Filter>
    <Filter Include="Header Files">
      <UniqueIdentifier>{93995380-89BD-4b04-88EB-625FBE52EBFB}</UniqueIdentifier>
      <Extensions>h;hh;hpp;hxx;hm;inl;inc;ipp;xsd</Extensions>
    </Filter>
    <Filter Include="Resource Files">
      <UniqueIdentifier>{67DA6AB6-F800-4c08-8B7A-83BB121AAD01}</UniqueIdentifier>
      <Extensions>rc;ico;cur;bmp;dlg;rc2;rct;bin;rgs;gif;jpg;jpeg;jpe;resx;tiff;tif;png;wav;mfcribbon-ms</Extensions>
    </Filter>
    <Filter Include="Source Files\lib">
      <UniqueIdentifier>{ea45d216-df5b-4e5c-b7b8-8414d87a53cf}</UniqueIdentifier>
    </Filter>
    <Filter Include="Source Files\utils">
      <UniqueIdentifier>{a9dd9713-685f-4c87-b696-5cd9925a4c87}</UniqueIdentifier>
    </Filter>
  </ItemGroup>
  <ItemGroup>
    <ClCompile Include="main.c">
      <Filter>Source Files</Filter>
    </ClCompile>
    <ClCompile Include="check_ips.c">
      <Filter>Source Files\lib</Filter>
    </ClCompile>
    <ClCompile Include="helpers.c">
      <Filter>Source Files\utils</Filter>
    </ClCompile>
    <ClCompile Include="terminal.c">
      <Filter>Source Files\utils</Filter>
    </ClCompile>
    <ClCompile Include="compare_ips.c">
      <Filter>Source Files\lib</Filter>
    </ClCompile>
    <ClCompile Include="show_network_adapter.c">
      <Filter>Source Files\lib</Filter>
    </ClCompile>
  </ItemGroup>
  <ItemGroup>
    <ClInclude Include="helpers.h">
      <Filter>Source Files\utils</Filter>
    </ClInclude>
    <ClInclude Include="terminal.h">
      <Filter>Source Files\utils</Filter>
    </ClInclude>
    <ClInclude Include="compare_ips.h">
      <Filter>Source Files\lib</Filter>
    </ClInclude>
    <ClInclude Include="show_network_adapter.h">
      <Filter>Source Files\lib</Filter>
    </ClInclude>
    <ClInclude Include="check_ips.h">
      <Filter>Source Files\lib</Filter>
    </ClInclude>
  </ItemGroup>
</Project>